{
  "nodes": {
    "mnw": {
      "locked": {
        "lastModified": 1755772633,
        "narHash": "sha256-vkJs9O2SsIo+rneIpvvy4DV34sHz8j5zJ/aXYgDF31I=",
        "owner": "gerg-l",
        "repo": "mnw",
        "rev": "a9a570df291b26c9785557ca7fd640a3794b84f7",
        "type": "github"
      },
      "original": {
        "owner": "gerg-l",
        "repo": "mnw",
        "type": "github"
      }
    },
    "nixpkgs": {
      "locked": {
        "lastModified": 1755829505,
        "narHash": "sha256-4/Jd+LkQ2ssw8luQVkqVs9spDBVE6h/u/hC/tzngsPo=",
        "owner": "nixos",
        "repo": "nixpkgs",
        "rev": "f937f8ecd1c70efd7e9f90ba13dfb400cf559de4",
        "type": "github"
      },
      "original": {
        "owner": "nixos",
        "ref": "nixpkgs-unstable",
        "repo": "nixpkgs",
        "type": "github"
      }
    },
    "root": {
      "inputs": {
        "mnw": "mnw",
        "nixpkgs": "nixpkgs"
      }
    }
  },
  "root": "root",
  "version": 7
}
