{
  "nodes": {
    "mnw": {
      "locked": {
        "lastModified": 1779567938,
        "narHash": "sha256-3c/aliHq9oXfmMSN5MZo8sk0znw9Zp+mDT3arj3xuiU=",
        "owner": "gerg-l",
        "repo": "mnw",
        "rev": "8e71691ad38b1efa7d7488c75ab115db33e046fd",
        "type": "github"
      },
      "original": {
        "owner": "gerg-l",
        "repo": "mnw",
        "type": "github"
      }
    },
    "nixpkgs": {
      "locked": {
        "lastModified": 1780030872,
        "narHash": "sha256-u6WU/yd/o8iYQrHX3RAwO1hYa3LkoSL+WNQD0rJfJZQ=",
        "owner": "nixos",
        "repo": "nixpkgs",
        "rev": "e9a7635a57597d9754eccebdfc7045e6c8600e6b",
        "type": "github"
      },
      "original": {
        "owner": "nixos",
        "ref": "nixpkgs-unstable",
        "repo": "nixpkgs",
        "type": "github"
      }
    },
    "root": {
      "inputs": {
        "mnw": "mnw",
        "nixpkgs": "nixpkgs"
      }
    }
  },
  "root": "root",
  "version": 7
}
